{
  "version": 4,
  "terraform_version": "1.6.0",
  "serial": 12,
  "lineage": "aea9c53e-da53-9501-f741-f15e3f3db5ac",
  "outputs": {
    "app_url": {
      "value": "http://fastapiapp23fysw3u.eastus.azurecontainer.io/",
      "type": "string"
    }
  },
  "resources": [
    {
      "mode": "managed",
      "type": "azurerm_container_group",
      "name": "app",
      "provider": "provider[\"registry.terraform.io/hashicorp/azurerm\"]",
      "instances": [
        {
          "schema_version": 0,
          "attributes": {
            "container": [
              {
                "commands": [],
                "cpu": 0.5,
                "cpu_limit": 0,
                "environment_variables": {
                  "DATABASE_URL": "postgresql://user:password@db:5432/dbname"
                },
                "gpu": [],
                "gpu_limit": [],
                "image": "registrasbandymas.azurecr.io/fastapi-app:latest",
                "liveness_probe": [],
                "memory": 1.5,
                "memory_limit": 0,
                "name": "fastapi",
                "ports": [
                  {
                    "port": 8000,
                    "protocol": "TCP"
                  }
                ],
                "readiness_probe": [],
                "secure_environment_variables": null,
                "security": [],
                "volume": []
              }
            ],
            "diagnostics": [],
            "dns_config": [],
            "dns_name_label": "fastapiapp23fysw3u",
            "dns_name_label_reuse_policy": "Unsecure",
            "exposed_port": [
              {
                "port": 8000,
                "protocol": "TCP"
              }
            ],
            "fqdn": "fastapiapp23fysw3u.eastus.azurecontainer.io",
            "id": "/subscriptions/dfe94d01-2152-4a42-85d3-cb2a1a483ce5/resourceGroups/FastApiAppResourceGroup/providers/Microsoft.ContainerInstance/containerGroups/fastapi-app",
            "identity": [],
            "image_registry_credential": [
              {
                "password": "Sil8Q~anOyiQlgiInkJBf-LAOmowz~r0qxLA9dzi",
                "server": "registrasbandymas.azurecr.io",
                "user_assigned_identity_id": "",
                "username": "2fc234b2-f5c5-4707-b418-96cece298e5e"
              }
            ],
            "init_container": [],
            "ip_address": "20.241.236.233",
            "ip_address_type": "Public",
            "key_vault_key_id": null,
            "key_vault_user_assigned_identity_id": null,
            "location": "eastus",
            "name": "fastapi-app",
            "network_profile_id": null,
            "os_type": "Linux",
            "priority": "",
            "resource_group_name": "FastApiAppResourceGroup",
            "restart_policy": "Always",
            "sku": "Standard",
            "subnet_ids": null,
            "tags": null,
            "timeouts": null,
            "zones": null
          },
          "sensitive_attributes": [],
          "private": "eyJlMmJmYjczMC1lY2FhLTExZTYtOGY4OC0zNDM2M2JjN2M0YzAiOnsiY3JlYXRlIjoxODAwMDAwMDAwMDAwLCJkZWxldGUiOjE4MDAwMDAwMDAwMDAsInJlYWQiOjMwMDAwMDAwMDAwMCwidXBkYXRlIjoxODAwMDAwMDAwMDAwfX0=",
          "dependencies": [
            "azurerm_resource_group.rg",
            "random_string.dns_safe_label"
          ]
        }
      ]
    },
    {
      "mode": "managed",
      "type": "azurerm_container_registry",
      "name": "acr",
      "provider": "provider[\"registry.terraform.io/hashicorp/azurerm\"]",
      "instances": [
        {
          "schema_version": 2,
          "attributes": {
            "admin_enabled": false,
            "admin_password": "",
            "admin_username": "",
            "anonymous_pull_enabled": false,
            "data_endpoint_enabled": false,
            "encryption": [
              {
                "enabled": false,
                "identity_client_id": "",
                "key_vault_key_id": ""
              }
            ],
            "export_policy_enabled": true,
            "georeplications": [],
            "id": "/subscriptions/dfe94d01-2152-4a42-85d3-cb2a1a483ce5/resourceGroups/FastApiAppResourceGroup/providers/Microsoft.ContainerRegistry/registries/registrasbandymas",
            "identity": [],
            "location": "eastus",
            "login_server": "registrasbandymas.azurecr.io",
            "name": "registrasbandymas",
            "network_rule_bypass_option": "AzureServices",
            "network_rule_set": [],
            "public_network_access_enabled": true,
            "quarantine_policy_enabled": false,
            "resource_group_name": "FastApiAppResourceGroup",
            "retention_policy": [
              {
                "days": 7,
                "enabled": false
              }
            ],
            "sku": "Basic",
            "tags": {},
            "timeouts": null,
            "trust_policy": [
              {
                "enabled": false
              }
            ],
            "zone_redundancy_enabled": false
          },
          "sensitive_attributes": [],
          "private": "eyJlMmJmYjczMC1lY2FhLTExZTYtOGY4OC0zNDM2M2JjN2M0YzAiOnsiY3JlYXRlIjoxODAwMDAwMDAwMDAwLCJkZWxldGUiOjE4MDAwMDAwMDAwMDAsInJlYWQiOjMwMDAwMDAwMDAwMCwidXBkYXRlIjoxODAwMDAwMDAwMDAwfSwic2NoZW1hX3ZlcnNpb24iOiIyIn0=",
          "dependencies": [
            "azurerm_resource_group.rg"
          ]
        }
      ]
    },
    {
      "mode": "managed",
      "type": "azurerm_resource_group",
      "name": "rg",
      "provider": "provider[\"registry.terraform.io/hashicorp/azurerm\"]",
      "instances": [
        {
          "schema_version": 0,
          "attributes": {
            "id": "/subscriptions/dfe94d01-2152-4a42-85d3-cb2a1a483ce5/resourceGroups/FastApiAppResourceGroup",
            "location": "eastus",
            "managed_by": "",
            "name": "FastApiAppResourceGroup",
            "tags": {},
            "timeouts": null
          },
          "sensitive_attributes": [],
          "private": "eyJlMmJmYjczMC1lY2FhLTExZTYtOGY4OC0zNDM2M2JjN2M0YzAiOnsiY3JlYXRlIjo1NDAwMDAwMDAwMDAwLCJkZWxldGUiOjU0MDAwMDAwMDAwMDAsInJlYWQiOjMwMDAwMDAwMDAwMCwidXBkYXRlIjo1NDAwMDAwMDAwMDAwfX0="
        }
      ]
    },
    {
      "mode": "managed",
      "type": "random_string",
      "name": "dns_safe_label",
      "provider": "provider[\"registry.terraform.io/hashicorp/random\"]",
      "instances": [
        {
          "schema_version": 2,
          "attributes": {
            "id": "23fysw3u",
            "keepers": null,
            "length": 8,
            "lower": true,
            "min_lower": 0,
            "min_numeric": 0,
            "min_special": 0,
            "min_upper": 0,
            "number": true,
            "numeric": true,
            "override_special": null,
            "result": "23fysw3u",
            "special": false,
            "upper": false
          },
          "sensitive_attributes": []
        }
      ]
    }
  ],
  "check_results": null
}
